{
  "name": "custome-package-import-demo",
  "version": "1.0.0",
  "lockfileVersion": 1,
  "requires": true,
  "dependencies": {
    "lion-lib-sweta": {
      "version": "1.0.1",
      "resolved": "https://registry.npmjs.org/lion-lib-sweta/-/lion-lib-sweta-1.0.1.tgz",
      "integrity": "sha512-H0ca8nrukewirCug44UdQDFbKiq+BRqbcOE0eWBh6kH/B1LC/8u1O344OgDfP5iJ2Bur3qly5d8+fDV+iYYCxg=="
    }
  }
}
